
Microsoft Visual Studio Solution File, Format Version 12.00
# Visual Studio Version 17
VisualStudioVersion = 17.14.36717.8 d17.14
MinimumVisualStudioVersion = 10.0.40219.1
Project("{8BC9CEB8-8B4A-11D0-8D11-00A0C91BC942}") = "第一题", "第一题\第一题.vcxproj", "{0DF34C46-4016-44F6-9305-ED653EADADC0}"
EndProject
Project("{8BC9CEB8-8B4A-11D0-8D11-00A0C91BC942}") = "第二题", "第二题\第二题.vcxproj", "{2F6CDC26-D80F-498F-902A-5302F1CBF472}"
EndProject
Global
	GlobalSection(SolutionConfigurationPlatforms) = preSolution
		Debug|x64 = Debug|x64
		Debug|x86 = Debug|x86
		Release|x64 = Release|x64
		Release|x86 = Release|x86
	EndGlobalSection
	GlobalSection(ProjectConfigurationPlatforms) = postSolution
		{0DF34C46-4016-44F6-9305-ED653EADADC0}.Debug|x64.ActiveCfg = Debug|x64
		{0DF34C46-4016-44F6-9305-ED653EADADC0}.Debug|x64.Build.0 = Debug|x64
		{0DF34C46-4016-44F6-9305-ED653EADADC0}.Debug|x86.ActiveCfg = Debug|Win32
		{0DF34C46-4016-44F6-9305-ED653EADADC0}.Debug|x86.Build.0 = Debug|Win32
		{0DF34C46-4016-44F6-9305-ED653EADADC0}.Release|x64.ActiveCfg = Release|x64
		{0DF34C46-4016-44F6-9305-ED653EADADC0}.Release|x64.Build.0 = Release|x64
		{0DF34C46-4016-44F6-9305-ED653EADADC0}.Release|x86.ActiveCfg = Release|Win32
		{0DF34C46-4016-44F6-9305-ED653EADADC0}.Release|x86.Build.0 = Release|Win32
		{2F6CDC26-D80F-498F-902A-5302F1CBF472}.Debug|x64.ActiveCfg = Debug|x64
		{2F6CDC26-D80F-498F-902A-5302F1CBF472}.Debug|x64.Build.0 = Debug|x64
		{2F6CDC26-D80F-498F-902A-5302F1CBF472}.Debug|x86.ActiveCfg = Debug|Win32
		{2F6CDC26-D80F-498F-902A-5302F1CBF472}.Debug|x86.Build.0 = Debug|Win32
		{2F6CDC26-D80F-498F-902A-5302F1CBF472}.Release|x64.ActiveCfg = Release|x64
		{2F6CDC26-D80F-498F-902A-5302F1CBF472}.Release|x64.Build.0 = Release|x64
		{2F6CDC26-D80F-498F-902A-5302F1CBF472}.Release|x86.ActiveCfg = Release|Win32
		{2F6CDC26-D80F-498F-902A-5302F1CBF472}.Release|x86.Build.0 = Release|Win32
	EndGlobalSection
	GlobalSection(SolutionProperties) = preSolution
		HideSolutionNode = FALSE
	EndGlobalSection
	GlobalSection(ExtensibilityGlobals) = postSolution
		SolutionGuid = {FC053455-6208-4F38-B704-9EDCE4DA8E50}
	EndGlobalSection
EndGlobal
