<?xml version="1.0" encoding="utf-8"?>
<Project ToolsVersion="4.0" xmlns="http://schemas.microsoft.com/developer/msbuild/2003">
  <ItemGroup>
    <Filter Include="源文件">
      <UniqueIdentifier>{4FC737F1-C7A5-4376-A066-2A32D752A2FF}</UniqueIdentifier>
      <Extensions>qml;cpp;c;cc;cxx;def;odl;idl;hpj;bat;asm;asmx</Extensions>
    </Filter>
    <Filter Include="头文件">
      <UniqueIdentifier>{93995380-89BD-4b04-88EB-625FBE52EBFB}</UniqueIdentifier>
      <Extensions>h;hh;hpp;hxx;hm;inl;inc;xsd</Extensions>
    </Filter>
    <Filter Include="资源文件">
      <UniqueIdentifier>{67DA6AB6-F800-4c08-8B7A-83BB121AAD01}</UniqueIdentifier>
      <Extensions>qrc;rc;ico;cur;bmp;dlg;rc2;rct;bin;rgs;gif;jpg;jpeg;jpe;resx;tiff;tif;png;wav;mfcribbon-ms</Extensions>
    </Filter>
    <Filter Include="表单文件">
      <UniqueIdentifier>{99349809-55BA-4b9d-BF79-8FDBB0286EB3}</UniqueIdentifier>
      <Extensions>ui</Extensions>
    </Filter>
    <Filter Include="翻译文件">
      <UniqueIdentifier>{639EADAA-A684-42e4-A9AD-28FC9BCB8F7C}</UniqueIdentifier>
      <Extensions>ts</Extensions>
    </Filter>
  </ItemGroup>
  <ItemGroup>
    <QtRcc Include="resources.qrc">
      <Filter>资源文件</Filter>
    </QtRcc>
    <QtUic Include="MainWindow.ui">
      <Filter>表单文件</Filter>
    </QtUic>
    <QtMoc Include="MainWindow.h">
      <Filter>头文件</Filter>
    </QtMoc>
    <QtMoc Include="GameWidget.h">
      <Filter>头文件</Filter>
    </QtMoc>
    <ClInclude Include="GameBoard.h">
      <Filter>头文件</Filter>
    </ClInclude>
    <ClInclude Include="GameSettings.h">
      <Filter>头文件</Filter>
    </ClInclude>
    <QtMoc Include="StartWidget.h">
      <Filter>头文件</Filter>
    </QtMoc>
    <QtMoc Include="SettingsDialog.h">
      <Filter>头文件</Filter>
    </QtMoc>
    <ClCompile Include="MainWindow.cpp">
      <Filter>源文件</Filter>
    </ClCompile>
    <ClCompile Include="GameBoard.cpp">
      <Filter>源文件</Filter>
    </ClCompile>
    <ClCompile Include="GameWidget.cpp">
      <Filter>源文件</Filter>
    </ClCompile>
    <ClCompile Include="StartWidget.cpp">
      <Filter>源文件</Filter>
    </ClCompile>
    <ClCompile Include="SettingsDialog.cpp">
      <Filter>源文件</Filter>
    </ClCompile>
  </ItemGroup>
  <ItemGroup>
    <ClCompile Include="main.cpp">
      <Filter>源文件</Filter>
    </ClCompile>
  </ItemGroup>
  <ItemGroup>
    <None Include="ClassDiagram.cd" />
  </ItemGroup>
</Project>