
Microsoft Visual Studio Solution File, Format Version 12.00
# Visual Studio Version 17
VisualStudioVersion = 17.14.36717.8 d17.14
MinimumVisualStudioVersion = 10.0.40219.1
Project("{8BC9CEB8-8B4A-11D0-8D11-00A0C91BC942}") = "Complex", "Complex\Complex.vcxproj", "{7B502E14-595E-4E7E-AF38-E25B29DB91CD}"
EndProject
Project("{8BC9CEB8-8B4A-11D0-8D11-00A0C91BC942}") = "Test", "Test\Test.vcxproj", "{C8FF36D8-BFE2-4B81-A2CE-D13166872065}"
EndProject
Global
	GlobalSection(SolutionConfigurationPlatforms) = preSolution
		Debug|x64 = Debug|x64
		Debug|x86 = Debug|x86
		Release|x64 = Release|x64
		Release|x86 = Release|x86
	EndGlobalSection
	GlobalSection(ProjectConfigurationPlatforms) = postSolution
		{7B502E14-595E-4E7E-AF38-E25B29DB91CD}.Debug|x64.ActiveCfg = Debug|x64
		{7B502E14-595E-4E7E-AF38-E25B29DB91CD}.Debug|x64.Build.0 = Debug|x64
		{7B502E14-595E-4E7E-AF38-E25B29DB91CD}.Debug|x86.ActiveCfg = Debug|Win32
		{7B502E14-595E-4E7E-AF38-E25B29DB91CD}.Debug|x86.Build.0 = Debug|Win32
		{7B502E14-595E-4E7E-AF38-E25B29DB91CD}.Release|x64.ActiveCfg = Release|x64
		{7B502E14-595E-4E7E-AF38-E25B29DB91CD}.Release|x64.Build.0 = Release|x64
		{7B502E14-595E-4E7E-AF38-E25B29DB91CD}.Release|x86.ActiveCfg = Release|Win32
		{7B502E14-595E-4E7E-AF38-E25B29DB91CD}.Release|x86.Build.0 = Release|Win32
		{C8FF36D8-BFE2-4B81-A2CE-D13166872065}.Debug|x64.ActiveCfg = Debug|x64
		{C8FF36D8-BFE2-4B81-A2CE-D13166872065}.Debug|x64.Build.0 = Debug|x64
		{C8FF36D8-BFE2-4B81-A2CE-D13166872065}.Debug|x86.ActiveCfg = Debug|Win32
		{C8FF36D8-BFE2-4B81-A2CE-D13166872065}.Debug|x86.Build.0 = Debug|Win32
		{C8FF36D8-BFE2-4B81-A2CE-D13166872065}.Release|x64.ActiveCfg = Release|x64
		{C8FF36D8-BFE2-4B81-A2CE-D13166872065}.Release|x64.Build.0 = Release|x64
		{C8FF36D8-BFE2-4B81-A2CE-D13166872065}.Release|x86.ActiveCfg = Release|Win32
		{C8FF36D8-BFE2-4B81-A2CE-D13166872065}.Release|x86.Build.0 = Release|Win32
	EndGlobalSection
	GlobalSection(SolutionProperties) = preSolution
		HideSolutionNode = FALSE
	EndGlobalSection
	GlobalSection(ExtensibilityGlobals) = postSolution
		SolutionGuid = {83B0CCD0-8BF4-40E4-A2E2-67E476C367B9}
	EndGlobalSection
EndGlobal
